{
  "nodes": {
    "devenv": {
      "locked": {
        "dir": "src/modules",
        "lastModified": 1789152246,
        "narHash": "sha256-8ESHEGygXS5lmDepm5cMbmVd8DjcwgwzsmjHc9ffY1c=",
        "owner": "cachix",
        "repo": "devenv",
        "rev": "6e323832a55097670dbd8eed04b1e63efc841dfa",
        "type": "github"
      },
      "original": {
        "dir": "src/modules",
        "owner": "cachix",
        "repo": "devenv",
        "type": "github"
      }
    },
    "nixpkgs": {
      "locked": {
        "lastModified": 1789073787,
        "narHash": "sha256-xfX/toC2QV707s06GbP4II/TxYF0fNQj7s5/LClNDKc=",
        "owner": "NixOS",
        "repo": "nixpkgs",
        "rev": "aff8a0b28396750446e5537a96461bc4facdb287",
        "type": "github"
      },
      "original": {
        "owner": "NixOS",
        "ref": "nixpkgs-unstable",
        "repo": "nixpkgs",
        "type": "github"
      }
    },
    "root": {
      "inputs": {
        "devenv": "devenv",
        "nixpkgs": "nixpkgs"
      }
    }
  },
  "root": "root",
  "version": 7
}